
Microsoft Visual Studio Solution File, Format Version 12.00
# Visual Studio 15
VisualStudioVersion = 15.0.28307.779
MinimumVisualStudioVersion = 10.0.40219.1
Project("{FAE04EC0-301F-11D3-BF4B-00C04F79EFBC}") = "Interpreter Równań", "Interpreter Równań\Interpreter Równań.csproj", "{50A8165C-B873-4C93-BE40-CFAFE00B8E6E}"
EndProject
Project("{FAE04EC0-301F-11D3-BF4B-00C04F79EFBC}") = "UI", "UI\UI.csproj", "{BC444A74-27FE-4341-BC1E-3D79C383E123}"
EndProject
Global
	GlobalSection(SolutionConfigurationPlatforms) = preSolution
		Debug|Any CPU = Debug|Any CPU
		Release|Any CPU = Release|Any CPU
	EndGlobalSection
	GlobalSection(ProjectConfigurationPlatforms) = postSolution
		{50A8165C-B873-4C93-BE40-CFAFE00B8E6E}.Debug|Any CPU.ActiveCfg = Debug|Any CPU
		{50A8165C-B873-4C93-BE40-CFAFE00B8E6E}.Debug|Any CPU.Build.0 = Debug|Any CPU
		{50A8165C-B873-4C93-BE40-CFAFE00B8E6E}.Release|Any CPU.ActiveCfg = Release|Any CPU
		{50A8165C-B873-4C93-BE40-CFAFE00B8E6E}.Release|Any CPU.Build.0 = Release|Any CPU
		{BC444A74-27FE-4341-BC1E-3D79C383E123}.Debug|Any CPU.ActiveCfg = Debug|Any CPU
		{BC444A74-27FE-4341-BC1E-3D79C383E123}.Debug|Any CPU.Build.0 = Debug|Any CPU
		{BC444A74-27FE-4341-BC1E-3D79C383E123}.Release|Any CPU.ActiveCfg = Release|Any CPU
		{BC444A74-27FE-4341-BC1E-3D79C383E123}.Release|Any CPU.Build.0 = Release|Any CPU
	EndGlobalSection
	GlobalSection(SolutionProperties) = preSolution
		HideSolutionNode = FALSE
	EndGlobalSection
	GlobalSection(ExtensibilityGlobals) = postSolution
		SolutionGuid = {63D0312D-003D-44E9-B790-B2C3A807A549}
	EndGlobalSection
EndGlobal
